// !$*UTF8*$!
{
	archiveVersion = 1;
	classes = {
	};
	objectVersion = 56;
	objects = {

/* Begin PBXBuildFile section */
		4144607F29BC4589008F8216 /* DessertApp.swift in Sources */ = {isa = PBXBuildFile; fileRef = 4144607E29BC4589008F8216 /* DessertApp.swift */; };
		4144608129BC4589008F8216 /* DessertsListView.swift in Sources */ = {isa = PBXBuildFile; fileRef = 4144608029BC4589008F8216 /* DessertsListView.swift */; };
		4144608329BC458A008F8216 /* Assets.xcassets in Resources */ = {isa = PBXBuildFile; fileRef = 4144608229BC458A008F8216 /* Assets.xcassets */; };
		4144608629BC458A008F8216 /* Preview Assets.xcassets in Resources */ = {isa = PBXBuildFile; fileRef = 4144608529BC458A008F8216 /* Preview Assets.xcassets */; };
		4144608F29BC4BA2008F8216 /* DessertsViewModel.swift in Sources */ = {isa = PBXBuildFile; fileRef = 4144608E29BC4BA2008F8216 /* DessertsViewModel.swift */; };
		4144609129BC5B41008F8216 /* DetailView.swift in Sources */ = {isa = PBXBuildFile; fileRef = 4144609029BC5B41008F8216 /* DetailView.swift */; };
		41787DCC29BF183500FADC81 /* dessert.png in Resources */ = {isa = PBXBuildFile; fileRef = 41787DCB29BF183500FADC81 /* dessert.png */; };
		41C7C66629BDA959008E7961 /* DessertDetailViewModel.swift in Sources */ = {isa = PBXBuildFile; fileRef = 41C7C66529BDA959008E7961 /* DessertDetailViewModel.swift */; };
		41C7C66829BDAC2F008E7961 /* Meal.swift in Sources */ = {isa = PBXBuildFile; fileRef = 41C7C66729BDAC2F008E7961 /* Meal.swift */; };
		41C7C66E29BE8D54008E7961 /* MealDetails.swift in Sources */ = {isa = PBXBuildFile; fileRef = 41C7C66D29BE8D54008E7961 /* MealDetails.swift */; };
/* End PBXBuildFile section */

/* Begin PBXFileReference section */
		4144607B29BC4589008F8216 /* Dessert.app */ = {isa = PBXFileReference; explicitFileType = wrapper.application; includeInIndex = 0; path = Dessert.app; sourceTree = BUILT_PRODUCTS_DIR; };
		4144607E29BC4589008F8216 /* DessertApp.swift */ = {isa = PBXFileReference; lastKnownFileType = sourcecode.swift; path = DessertApp.swift; sourceTree = "<group>"; };
		4144608029BC4589008F8216 /* DessertsListView.swift */ = {isa = PBXFileReference; lastKnownFileType = sourcecode.swift; path = DessertsListView.swift; sourceTree = "<group>"; };
		4144608229BC458A008F8216 /* Assets.xcassets */ = {isa = PBXFileReference; lastKnownFileType = folder.assetcatalog; path = Assets.xcassets; sourceTree = "<group>"; };
		4144608529BC458A008F8216 /* Preview Assets.xcassets */ = {isa = PBXFileReference; lastKnownFileType = folder.assetcatalog; path = "Preview Assets.xcassets"; sourceTree = "<group>"; };
		4144608E29BC4BA2008F8216 /* DessertsViewModel.swift */ = {isa = PBXFileReference; lastKnownFileType = sourcecode.swift; path = DessertsViewModel.swift; sourceTree = "<group>"; };
		4144609029BC5B41008F8216 /* DetailView.swift */ = {isa = PBXFileReference; lastKnownFileType = sourcecode.swift; path = DetailView.swift; sourceTree = "<group>"; };
		41787DCB29BF183500FADC81 /* dessert.png */ = {isa = PBXFileReference; lastKnownFileType = image.png; path = dessert.png; sourceTree = "<group>"; };
		41C7C66529BDA959008E7961 /* DessertDetailViewModel.swift */ = {isa = PBXFileReference; lastKnownFileType = sourcecode.swift; path = DessertDetailViewModel.swift; sourceTree = "<group>"; };
		41C7C66729BDAC2F008E7961 /* Meal.swift */ = {isa = PBXFileReference; lastKnownFileType = sourcecode.swift; path = Meal.swift; sourceTree = "<group>"; };
		41C7C66D29BE8D54008E7961 /* MealDetails.swift */ = {isa = PBXFileReference; lastKnownFileType = sourcecode.swift; path = MealDetails.swift; sourceTree = "<group>"; };
/* End PBXFileReference section */

/* Begin PBXFrameworksBuildPhase section */
		4144607829BC4589008F8216 /* Frameworks */ = {
			isa = PBXFrameworksBuildPhase;
			buildActionMask = 2147483647;
			files = (
			);
			runOnlyForDeploymentPostprocessing = 0;
		};
/* End PBXFrameworksBuildPhase section */

/* Begin PBXGroup section */
		4144607229BC4589008F8216 = {
			isa = PBXGroup;
			children = (
				4144607D29BC4589008F8216 /* Dessert */,
				4144607C29BC4589008F8216 /* Products */,
			);
			sourceTree = "<group>";
		};
		4144607C29BC4589008F8216 /* Products */ = {
			isa = PBXGroup;
			children = (
				4144607B29BC4589008F8216 /* Dessert.app */,
			);
			name = Products;
			sourceTree = "<group>";
		};
		4144607D29BC4589008F8216 /* Dessert */ = {
			isa = PBXGroup;
			children = (
				4144607E29BC4589008F8216 /* DessertApp.swift */,
				41C7C66729BDAC2F008E7961 /* Meal.swift */,
				41C7C66D29BE8D54008E7961 /* MealDetails.swift */,
				4144608029BC4589008F8216 /* DessertsListView.swift */,
				4144608E29BC4BA2008F8216 /* DessertsViewModel.swift */,
				41C7C66529BDA959008E7961 /* DessertDetailViewModel.swift */,
				4144609029BC5B41008F8216 /* DetailView.swift */,
				41787DCB29BF183500FADC81 /* dessert.png */,
				4144608429BC458A008F8216 /* Preview Content */,
				4144608229BC458A008F8216 /* Assets.xcassets */,
			);
			path = Dessert;
			sourceTree = "<group>";
		};
		4144608429BC458A008F8216 /* Preview Content */ = {
			isa = PBXGroup;
			children = (
				4144608529BC458A008F8216 /* Preview Assets.xcassets */,
			);
			path = "Preview Content";
			sourceTree = "<group>";
		};
/* End PBXGroup section */

/* Begin PBXNativeTarget section */
		4144607A29BC4589008F8216 /* Dessert */ = {
			isa = PBXNativeTarget;
			buildConfigurationList = 4144608929BC458A008F8216 /* Build configuration list for PBXNativeTarget "Dessert" */;
			buildPhases = (
				4144607729BC4589008F8216 /* Sources */,
				4144607829BC4589008F8216 /* Frameworks */,
				4144607929BC4589008F8216 /* Resources */,
			);
			buildRules = (
			);
			dependencies = (
			);
			name = Dessert;
			productName = Dessert;
			productReference = 4144607B29BC4589008F8216 /* Dessert.app */;
			productType = "com.apple.product-type.application";
		};
/* End PBXNativeTarget section */

/* Begin PBXProject section */
		4144607329BC4589008F8216 /* Project object */ = {
			isa = PBXProject;
			attributes = {
				BuildIndependentTargetsInParallel = 1;
				LastSwiftUpdateCheck = 1420;
				LastUpgradeCheck = 1420;
				TargetAttributes = {
					4144607A29BC4589008F8216 = {
						CreatedOnToolsVersion = 14.2;
					};
				};
			};
			buildConfigurationList = 4144607629BC4589008F8216 /* Build configuration list for PBXProject "Dessert" */;
			compatibilityVersion = "Xcode 14.0";
			developmentRegion = en;
			hasScannedForEncodings = 0;
			knownRegions = (
				en,
				Base,
			);
			mainGroup = 4144607229BC4589008F8216;
			productRefGroup = 4144607C29BC4589008F8216 /* Products */;
			projectDirPath = "";
			projectRoot = "";
			targets = (
				4144607A29BC4589008F8216 /* Dessert */,
			);
		};
/* End PBXProject section */

/* Begin PBXResourcesBuildPhase section */
		4144607929BC4589008F8216 /* Resources */ = {
			isa = PBXResourcesBuildPhase;
			buildActionMask = 2147483647;
			files = (
				4144608629BC458A008F8216 /* Preview Assets.xcassets in Resources */,
				41787DCC29BF183500FADC81 /* dessert.png in Resources */,
				4144608329BC458A008F8216 /* Assets.xcassets in Resources */,
			);
			runOnlyForDeploymentPostprocessing = 0;
		};
/* End PBXResourcesBuildPhase section */

/* Begin PBXSourcesBuildPhase section */
		4144607729BC4589008F8216 /* Sources */ = {
			isa = PBXSourcesBuildPhase;
			buildActionMask = 2147483647;
			files = (
				4144608F29BC4BA2008F8216 /* DessertsViewModel.swift in Sources */,
				41C7C66629BDA959008E7961 /* DessertDetailViewModel.swift in Sources */,
				4144609129BC5B41008F8216 /* DetailView.swift in Sources */,
				41C7C66E29BE8D54008E7961 /* MealDetails.swift in Sources */,
				4144608129BC4589008F8216 /* DessertsListView.swift in Sources */,
				41C7C66829BDAC2F008E7961 /* Meal.swift in Sources */,
				4144607F29BC4589008F8216 /* DessertApp.swift in Sources */,
			);
			runOnlyForDeploymentPostprocessing = 0;
		};
/* End PBXSourcesBuildPhase section */

/* Begin XCBuildConfiguration section */
		4144608729BC458A008F8216 /* Debug */ = {
			isa = XCBuildConfiguration;
			buildSettings = {
				ALWAYS_SEARCH_USER_PATHS = NO;
				CLANG_ANALYZER_NONNULL = YES;
				CLANG_ANALYZER_NUMBER_OBJECT_CONVERSION = YES_AGGRESSIVE;
				CLANG_CXX_LANGUAGE_STANDARD = "gnu++20";
				CLANG_ENABLE_MODULES = YES;
				CLANG_ENABLE_OBJC_ARC = YES;
				CLANG_ENABLE_OBJC_WEAK = YES;
				CLANG_WARN_BLOCK_CAPTURE_AUTORELEASING = YES;
				CLANG_WARN_BOOL_CONVERSION = YES;
				CLANG_WARN_COMMA = YES;
				CLANG_WARN_CONSTANT_CONVERSION = YES;
				CLANG_WARN_DEPRECATED_OBJC_IMPLEMENTATIONS = YES;
				CLANG_WARN_DIRECT_OBJC_ISA_USAGE = YES_ERROR;
				CLANG_WARN_DOCUMENTATION_COMMENTS = YES;
				CLANG_WARN_EMPTY_BODY = YES;
				CLANG_WARN_ENUM_CONVERSION = YES;
				CLANG_WARN_INFINITE_RECURSION = YES;
				CLANG_WARN_INT_CONVERSION = YES;
				CLANG_WARN_NON_LITERAL_NULL_CONVERSION = YES;
				CLANG_WARN_OBJC_IMPLICIT_RETAIN_SELF = YES;
				CLANG_WARN_OBJC_LITERAL_CONVERSION = YES;
				CLANG_WARN_OBJC_ROOT_CLASS = YES_ERROR;
				CLANG_WARN_QUOTED_INCLUDE_IN_FRAMEWORK_HEADER = YES;
				CLANG_WARN_RANGE_LOOP_ANALYSIS = YES;
				CLANG_WARN_STRICT_PROTOTYPES = YES;
				CLANG_WARN_SUSPICIOUS_MOVE = YES;
				CLANG_WARN_UNGUARDED_AVAILABILITY = YES_AGGRESSIVE;
				CLANG_WARN_UNREACHABLE_CODE = YES;
				CLANG_WARN__DUPLICATE_METHOD_MATCH = YES;
				COPY_PHASE_STRIP = NO;
				DEBUG_INFORMATION_FORMAT = dwarf;
				ENABLE_STRICT_OBJC_MSGSEND = YES;
				ENABLE_TESTABILITY = YES;
				GCC_C_LANGUAGE_STANDARD = gnu11;
				GCC_DYNAMIC_NO_PIC = NO;
				GCC_NO_COMMON_BLOCKS = YES;
				GCC_OPTIMIZATION_LEVEL = 0;
				GCC_PREPROCESSOR_DEFINITIONS = (
					"DEBUG=1",
					"$(inherited)",
				);
				GCC_WARN_64_TO_32_BIT_CONVERSION = YES;
				GCC_WARN_ABOUT_RETURN_TYPE = YES_ERROR;
				GCC_WARN_UNDECLARED_SELECTOR = YES;
				GCC_WARN_UNINITIALIZED_AUTOS = YES_AGGRESSIVE;
				GCC_WARN_UNUSED_FUNCTION = YES;
				GCC_WARN_UNUSED_VARIABLE = YES;
				IPHONEOS_DEPLOYMENT_TARGET = 16.2;
				MTL_ENABLE_DEBUG_INFO = INCLUDE_SOURCE;
				MTL_FAST_MATH = YES;
				ONLY_ACTIVE_ARCH = YES;
				SDKROOT = iphoneos;
				SWIFT_ACTIVE_COMPILATION_CONDITIONS = DEBUG;
				SWIFT_OPTIMIZATION_LEVEL = "-Onone";
			};
			name = Debug;
		};
		4144608829BC458A008F8216 /* Release */ = {
			isa = XCBuildConfiguration;
			buildSettings = {
				ALWAYS_SEARCH_USER_PATHS = NO;
				CLANG_ANALYZER_NONNULL = YES;
				CLANG_ANALYZER_NUMBER_OBJECT_CONVERSION = YES_AGGRESSIVE;
				CLANG_CXX_LANGUAGE_STANDARD = "gnu++20";
				CLANG_ENABLE_MODULES = YES;
				CLANG_ENABLE_OBJC_ARC = YES;
				CLANG_ENABLE_OBJC_WEAK = YES;
				CLANG_WARN_BLOCK_CAPTURE_AUTORELEASING = YES;
				CLANG_WARN_BOOL_CONVERSION = YES;
				CLANG_WARN_COMMA = YES;
				CLANG_WARN_CONSTANT_CONVERSION = YES;
				CLANG_WARN_DEPRECATED_OBJC_IMPLEMENTATIONS = YES;
				CLANG_WARN_DIRECT_OBJC_ISA_USAGE = YES_ERROR;
				CLANG_WARN_DOCUMENTATION_COMMENTS = YES;
				CLANG_WARN_EMPTY_BODY = YES;
				CLANG_WARN_ENUM_CONVERSION = YES;
				CLANG_WARN_INFINITE_RECURSION = YES;
				CLANG_WARN_INT_CONVERSION = YES;
				CLANG_WARN_NON_LITERAL_NULL_CONVERSION = YES;
				CLANG_WARN_OBJC_IMPLICIT_RETAIN_SELF = YES;
				CLANG_WARN_OBJC_LITERAL_CONVERSION = YES;
				CLANG_WARN_OBJC_ROOT_CLASS = YES_ERROR;
				CLANG_WARN_QUOTED_INCLUDE_IN_FRAMEWORK_HEADER = YES;
				CLANG_WARN_RANGE_LOOP_ANALYSIS = YES;
				CLANG_WARN_STRICT_PROTOTYPES = YES;
				CLANG_WARN_SUSPICIOUS_MOVE = YES;
				CLANG_WARN_UNGUARDED_AVAILABILITY = YES_AGGRESSIVE;
				CLANG_WARN_UNREACHABLE_CODE = YES;
				CLANG_WARN__DUPLICATE_METHOD_MATCH = YES;
				COPY_PHASE_STRIP = NO;
				DEBUG_INFORMATION_FORMAT = "dwarf-with-dsym";
				ENABLE_NS_ASSERTIONS = NO;
				ENABLE_STRICT_OBJC_MSGSEND = YES;
				GCC_C_LANGUAGE_STANDARD = gnu11;
				GCC_NO_COMMON_BLOCKS = YES;
				GCC_WARN_64_TO_32_BIT_CONVERSION = YES;
				GCC_WARN_ABOUT_RETURN_TYPE = YES_ERROR;
				GCC_WARN_UNDECLARED_SELECTOR = YES;
				GCC_WARN_UNINITIALIZED_AUTOS = YES_AGGRESSIVE;
				GCC_WARN_UNUSED_FUNCTION = YES;
				GCC_WARN_UNUSED_VARIABLE = YES;
				IPHONEOS_DEPLOYMENT_TARGET = 16.2;
				MTL_ENABLE_DEBUG_INFO = NO;
				MTL_FAST_MATH = YES;
				SDKROOT = iphoneos;
				SWIFT_COMPILATION_MODE = wholemodule;
				SWIFT_OPTIMIZATION_LEVEL = "-O";
				VALIDATE_PRODUCT = YES;
			};
			name = Release;
		};
		4144608A29BC458A008F8216 /* Debug */ = {
			isa = XCBuildConfiguration;
			buildSettings = {
				ASSETCATALOG_COMPILER_APPICON_NAME = AppIcon;
				ASSETCATALOG_COMPILER_GLOBAL_ACCENT_COLOR_NAME = AccentColor;
				CODE_SIGN_STYLE = Automatic;
				CURRENT_PROJECT_VERSION = 1;
				DEVELOPMENT_ASSET_PATHS = "\"Dessert/Preview Content\"";
				DEVELOPMENT_TEAM = N2J45EKP3Q;
				ENABLE_PREVIEWS = YES;
				GENERATE_INFOPLIST_FILE = YES;
				INFOPLIST_KEY_UIApplicationSceneManifest_Generation = YES;
				INFOPLIST_KEY_UIApplicationSupportsIndirectInputEvents = YES;
				INFOPLIST_KEY_UILaunchScreen_Generation = YES;
				INFOPLIST_KEY_UISupportedInterfaceOrientations_iPad = "UIInterfaceOrientationPortrait UIInterfaceOrientationPortraitUpsideDown UIInterfaceOrientationLandscapeLeft UIInterfaceOrientationLandscapeRight";
				INFOPLIST_KEY_UISupportedInterfaceOrientations_iPhone = "UIInterfaceOrientationPortrait UIInterfaceOrientationLandscapeLeft UIInterfaceOrientationLandscapeRight";
				IPHONEOS_DEPLOYMENT_TARGET = 16.0;
				LD_RUNPATH_SEARCH_PATHS = (
					"$(inherited)",
					"@executable_path/Frameworks",
				);
				MARKETING_VERSION = 1.0;
				PRODUCT_BUNDLE_IDENTIFIER = com.personal.Dessert;
				PRODUCT_NAME = "$(TARGET_NAME)";
				SWIFT_EMIT_LOC_STRINGS = YES;
				SWIFT_VERSION = 5.0;
				TARGETED_DEVICE_FAMILY = "1,2";
			};
			name = Debug;
		};
		4144608B29BC458A008F8216 /* Release */ = {
			isa = XCBuildConfiguration;
			buildSettings = {
				ASSETCATALOG_COMPILER_APPICON_NAME = AppIcon;
				ASSETCATALOG_COMPILER_GLOBAL_ACCENT_COLOR_NAME = AccentColor;
				CODE_SIGN_STYLE = Automatic;
				CURRENT_PROJECT_VERSION = 1;
				DEVELOPMENT_ASSET_PATHS = "\"Dessert/Preview Content\"";
				DEVELOPMENT_TEAM = N2J45EKP3Q;
				ENABLE_PREVIEWS = YES;
				GENERATE_INFOPLIST_FILE = YES;
				INFOPLIST_KEY_UIApplicationSceneManifest_Generation = YES;
				INFOPLIST_KEY_UIApplicationSupportsIndirectInputEvents = YES;
				INFOPLIST_KEY_UILaunchScreen_Generation = YES;
				INFOPLIST_KEY_UISupportedInterfaceOrientations_iPad = "UIInterfaceOrientationPortrait UIInterfaceOrientationPortraitUpsideDown UIInterfaceOrientationLandscapeLeft UIInterfaceOrientationLandscapeRight";
				INFOPLIST_KEY_UISupportedInterfaceOrientations_iPhone = "UIInterfaceOrientationPortrait UIInterfaceOrientationLandscapeLeft UIInterfaceOrientationLandscapeRight";
				IPHONEOS_DEPLOYMENT_TARGET = 16.0;
				LD_RUNPATH_SEARCH_PATHS = (
					"$(inherited)",
					"@executable_path/Frameworks",
				);
				MARKETING_VERSION = 1.0;
				PRODUCT_BUNDLE_IDENTIFIER = com.personal.Dessert;
				PRODUCT_NAME = "$(TARGET_NAME)";
				SWIFT_EMIT_LOC_STRINGS = YES;
				SWIFT_VERSION = 5.0;
				TARGETED_DEVICE_FAMILY = "1,2";
			};
			name = Release;
		};
/* End XCBuildConfiguration section */

/* Begin XCConfigurationList section */
		4144607629BC4589008F8216 /* Build configuration list for PBXProject "Dessert" */ = {
			isa = XCConfigurationList;
			buildConfigurations = (
				4144608729BC458A008F8216 /* Debug */,
				4144608829BC458A008F8216 /* Release */,
			);
			defaultConfigurationIsVisible = 0;
			defaultConfigurationName = Release;
		};
		4144608929BC458A008F8216 /* Build configuration list for PBXNativeTarget "Dessert" */ = {
			isa = XCConfigurationList;
			buildConfigurations = (
				4144608A29BC458A008F8216 /* Debug */,
				4144608B29BC458A008F8216 /* Release */,
			);
			defaultConfigurationIsVisible = 0;
			defaultConfigurationName = Release;
		};
/* End XCConfigurationList section */
	};
	rootObject = 4144607329BC4589008F8216 /* Project object */;
}
